// !$*UTF8*$!
{
	archiveVersion = 1;
	classes = {
	};
	objectVersion = 50;
	objects = {

/* Begin PBXBuildFile section */
		9F04ADE5248EC1430079785F /* AppDelegate.swift in Sources */ = {isa = PBXBuildFile; fileRef = 9F04ADE4248EC1430079785F /* AppDelegate.swift */; };
		9F04ADE7248EC1430079785F /* SceneDelegate.swift in Sources */ = {isa = PBXBuildFile; fileRef = 9F04ADE6248EC1430079785F /* SceneDelegate.swift */; };
		9F04ADE9248EC1430079785F /* ViewController.swift in Sources */ = {isa = PBXBuildFile; fileRef = 9F04ADE8248EC1430079785F /* ViewController.swift */; };
		9F04ADEC248EC1430079785F /* Main.storyboard in Resources */ = {isa = PBXBuildFile; fileRef = 9F04ADEA248EC1430079785F /* Main.storyboard */; };
		9F04ADEE248EC1450079785F /* Assets.xcassets in Resources */ = {isa = PBXBuildFile; fileRef = 9F04ADED248EC1450079785F /* Assets.xcassets */; };
		9F04ADF1248EC1450079785F /* LaunchScreen.storyboard in Resources */ = {isa = PBXBuildFile; fileRef = 9F04ADEF248EC1450079785F /* LaunchScreen.storyboard */; };
		9F04ADF9248EC8CF0079785F /* MoviesDataModel.swift in Sources */ = {isa = PBXBuildFile; fileRef = 9F04ADF8248EC8CF0079785F /* MoviesDataModel.swift */; };
		9F04ADFB248EDDB30079785F /* MasterMoviesViewController.swift in Sources */ = {isa = PBXBuildFile; fileRef = 9F04ADFA248EDDB30079785F /* MasterMoviesViewController.swift */; };
		9F04ADFD248EEC330079785F /* MovieDetailsViewController.swift in Sources */ = {isa = PBXBuildFile; fileRef = 9F04ADFC248EEC330079785F /* MovieDetailsViewController.swift */; };
/* End PBXBuildFile section */

/* Begin PBXFileReference section */
		9F04ADE1248EC1430079785F /* CW-6.app */ = {isa = PBXFileReference; explicitFileType = wrapper.application; includeInIndex = 0; path = "CW-6.app"; sourceTree = BUILT_PRODUCTS_DIR; };
		9F04ADE4248EC1430079785F /* AppDelegate.swift */ = {isa = PBXFileReference; lastKnownFileType = sourcecode.swift; path = AppDelegate.swift; sourceTree = "<group>"; };
		9F04ADE6248EC1430079785F /* SceneDelegate.swift */ = {isa = PBXFileReference; lastKnownFileType = sourcecode.swift; path = SceneDelegate.swift; sourceTree = "<group>"; };
		9F04ADE8248EC1430079785F /* ViewController.swift */ = {isa = PBXFileReference; lastKnownFileType = sourcecode.swift; path = ViewController.swift; sourceTree = "<group>"; };
		9F04ADEB248EC1430079785F /* Base */ = {isa = PBXFileReference; lastKnownFileType = file.storyboard; name = Base; path = Base.lproj/Main.storyboard; sourceTree = "<group>"; };
		9F04ADED248EC1450079785F /* Assets.xcassets */ = {isa = PBXFileReference; lastKnownFileType = folder.assetcatalog; path = Assets.xcassets; sourceTree = "<group>"; };
		9F04ADF0248EC1450079785F /* Base */ = {isa = PBXFileReference; lastKnownFileType = file.storyboard; name = Base; path = Base.lproj/LaunchScreen.storyboard; sourceTree = "<group>"; };
		9F04ADF2248EC1450079785F /* Info.plist */ = {isa = PBXFileReference; lastKnownFileType = text.plist.xml; path = Info.plist; sourceTree = "<group>"; };
		9F04ADF8248EC8CF0079785F /* MoviesDataModel.swift */ = {isa = PBXFileReference; lastKnownFileType = sourcecode.swift; path = MoviesDataModel.swift; sourceTree = "<group>"; };
		9F04ADFA248EDDB30079785F /* MasterMoviesViewController.swift */ = {isa = PBXFileReference; lastKnownFileType = sourcecode.swift; path = MasterMoviesViewController.swift; sourceTree = "<group>"; };
		9F04ADFC248EEC330079785F /* MovieDetailsViewController.swift */ = {isa = PBXFileReference; lastKnownFileType = sourcecode.swift; path = MovieDetailsViewController.swift; sourceTree = "<group>"; };
/* End PBXFileReference section */

/* Begin PBXFrameworksBuildPhase section */
		9F04ADDE248EC1430079785F /* Frameworks */ = {
			isa = PBXFrameworksBuildPhase;
			buildActionMask = 2147483647;
			files = (
			);
			runOnlyForDeploymentPostprocessing = 0;
		};
/* End PBXFrameworksBuildPhase section */

/* Begin PBXGroup section */
		9F04ADD8248EC1420079785F = {
			isa = PBXGroup;
			children = (
				9F04ADE3248EC1430079785F /* CW-6 */,
				9F04ADE2248EC1430079785F /* Products */,
			);
			sourceTree = "<group>";
		};
		9F04ADE2248EC1430079785F /* Products */ = {
			isa = PBXGroup;
			children = (
				9F04ADE1248EC1430079785F /* CW-6.app */,
			);
			name = Products;
			sourceTree = "<group>";
		};
		9F04ADE3248EC1430079785F /* CW-6 */ = {
			isa = PBXGroup;
			children = (
				9F04ADE4248EC1430079785F /* AppDelegate.swift */,
				9F04ADE6248EC1430079785F /* SceneDelegate.swift */,
				9F04ADE8248EC1430079785F /* ViewController.swift */,
				9F04ADF8248EC8CF0079785F /* MoviesDataModel.swift */,
				9F04ADFA248EDDB30079785F /* MasterMoviesViewController.swift */,
				9F04ADFC248EEC330079785F /* MovieDetailsViewController.swift */,
				9F04ADEA248EC1430079785F /* Main.storyboard */,
				9F04ADED248EC1450079785F /* Assets.xcassets */,
				9F04ADEF248EC1450079785F /* LaunchScreen.storyboard */,
				9F04ADF2248EC1450079785F /* Info.plist */,
			);
			path = "CW-6";
			sourceTree = "<group>";
		};
/* End PBXGroup section */

/* Begin PBXNativeTarget section */
		9F04ADE0248EC1430079785F /* CW-6 */ = {
			isa = PBXNativeTarget;
			buildConfigurationList = 9F04ADF5248EC1450079785F /* Build configuration list for PBXNativeTarget "CW-6" */;
			buildPhases = (
				9F04ADDD248EC1430079785F /* Sources */,
				9F04ADDE248EC1430079785F /* Frameworks */,
				9F04ADDF248EC1430079785F /* Resources */,
			);
			buildRules = (
			);
			dependencies = (
			);
			name = "CW-6";
			productName = "CW-6";
			productReference = 9F04ADE1248EC1430079785F /* CW-6.app */;
			productType = "com.apple.product-type.application";
		};
/* End PBXNativeTarget section */

/* Begin PBXProject section */
		9F04ADD9248EC1420079785F /* Project object */ = {
			isa = PBXProject;
			attributes = {
				LastSwiftUpdateCheck = 1150;
				LastUpgradeCheck = 1150;
				ORGANIZATIONNAME = "Hasan Alsaffar";
				TargetAttributes = {
					9F04ADE0248EC1430079785F = {
						CreatedOnToolsVersion = 11.5;
					};
				};
			};
			buildConfigurationList = 9F04ADDC248EC1420079785F /* Build configuration list for PBXProject "CW-6" */;
			compatibilityVersion = "Xcode 9.3";
			developmentRegion = en;
			hasScannedForEncodings = 0;
			knownRegions = (
				en,
				Base,
			);
			mainGroup = 9F04ADD8248EC1420079785F;
			productRefGroup = 9F04ADE2248EC1430079785F /* Products */;
			projectDirPath = "";
			projectRoot = "";
			targets = (
				9F04ADE0248EC1430079785F /* CW-6 */,
			);
		};
/* End PBXProject section */

/* Begin PBXResourcesBuildPhase section */
		9F04ADDF248EC1430079785F /* Resources */ = {
			isa = PBXResourcesBuildPhase;
			buildActionMask = 2147483647;
			files = (
				9F04ADF1248EC1450079785F /* LaunchScreen.storyboard in Resources */,
				9F04ADEE248EC1450079785F /* Assets.xcassets in Resources */,
				9F04ADEC248EC1430079785F /* Main.storyboard in Resources */,
			);
			runOnlyForDeploymentPostprocessing = 0;
		};
/* End PBXResourcesBuildPhase section */

/* Begin PBXSourcesBuildPhase section */
		9F04ADDD248EC1430079785F /* Sources */ = {
			isa = PBXSourcesBuildPhase;
			buildActionMask = 2147483647;
			files = (
				9F04ADFB248EDDB30079785F /* MasterMoviesViewController.swift in Sources */,
				9F04ADE9248EC1430079785F /* ViewController.swift in Sources */,
				9F04ADFD248EEC330079785F /* MovieDetailsViewController.swift in Sources */,
				9F04ADE5248EC1430079785F /* AppDelegate.swift in Sources */,
				9F04ADF9248EC8CF0079785F /* MoviesDataModel.swift in Sources */,
				9F04ADE7248EC1430079785F /* SceneDelegate.swift in Sources */,
			);
			runOnlyForDeploymentPostprocessing = 0;
		};
/* End PBXSourcesBuildPhase section */

/* Begin PBXVariantGroup section */
		9F04ADEA248EC1430079785F /* Main.storyboard */ = {
			isa = PBXVariantGroup;
			children = (
				9F04ADEB248EC1430079785F /* Base */,
			);
			name = Main.storyboard;
			sourceTree = "<group>";
		};
		9F04ADEF248EC1450079785F /* LaunchScreen.storyboard */ = {
			isa = PBXVariantGroup;
			children = (
				9F04ADF0248EC1450079785F /* Base */,
			);
			name = LaunchScreen.storyboard;
			sourceTree = "<group>";
		};
/* End PBXVariantGroup section */

/* Begin XCBuildConfiguration section */
		9F04ADF3248EC1450079785F /* Debug */ = {
			isa = XCBuildConfiguration;
			buildSettings = {
				ALWAYS_SEARCH_USER_PATHS = NO;
				CLANG_ANALYZER_NONNULL = YES;
				CLANG_ANALYZER_NUMBER_OBJECT_CONVERSION = YES_AGGRESSIVE;
				CLANG_CXX_LANGUAGE_STANDARD = "gnu++14";
				CLANG_CXX_LIBRARY = "libc++";
				CLANG_ENABLE_MODULES = YES;
				CLANG_ENABLE_OBJC_ARC = YES;
				CLANG_ENABLE_OBJC_WEAK = YES;
				CLANG_WARN_BLOCK_CAPTURE_AUTORELEASING = YES;
				CLANG_WARN_BOOL_CONVERSION = YES;
				CLANG_WARN_COMMA = YES;
				CLANG_WARN_CONSTANT_CONVERSION = YES;
				CLANG_WARN_DEPRECATED_OBJC_IMPLEMENTATIONS = YES;
				CLANG_WARN_DIRECT_OBJC_ISA_USAGE = YES_ERROR;
				CLANG_WARN_DOCUMENTATION_COMMENTS = YES;
				CLANG_WARN_EMPTY_BODY = YES;
				CLANG_WARN_ENUM_CONVERSION = YES;
				CLANG_WARN_INFINITE_RECURSION = YES;
				CLANG_WARN_INT_CONVERSION = YES;
				CLANG_WARN_NON_LITERAL_NULL_CONVERSION = YES;
				CLANG_WARN_OBJC_IMPLICIT_RETAIN_SELF = YES;
				CLANG_WARN_OBJC_LITERAL_CONVERSION = YES;
				CLANG_WARN_OBJC_ROOT_CLASS = YES_ERROR;
				CLANG_WARN_RANGE_LOOP_ANALYSIS = YES;
				CLANG_WARN_STRICT_PROTOTYPES = YES;
				CLANG_WARN_SUSPICIOUS_MOVE = YES;
				CLANG_WARN_UNGUARDED_AVAILABILITY = YES_AGGRESSIVE;
				CLANG_WARN_UNREACHABLE_CODE = YES;
				CLANG_WARN__DUPLICATE_METHOD_MATCH = YES;
				COPY_PHASE_STRIP = NO;
				DEBUG_INFORMATION_FORMAT = dwarf;
				ENABLE_STRICT_OBJC_MSGSEND = YES;
				ENABLE_TESTABILITY = YES;
				GCC_C_LANGUAGE_STANDARD = gnu11;
				GCC_DYNAMIC_NO_PIC = NO;
				GCC_NO_COMMON_BLOCKS = YES;
				GCC_OPTIMIZATION_LEVEL = 0;
				GCC_PREPROCESSOR_DEFINITIONS = (
					"DEBUG=1",
					"$(inherited)",
				);
				GCC_WARN_64_TO_32_BIT_CONVERSION = YES;
				GCC_WARN_ABOUT_RETURN_TYPE = YES_ERROR;
				GCC_WARN_UNDECLARED_SELECTOR = YES;
				GCC_WARN_UNINITIALIZED_AUTOS = YES_AGGRESSIVE;
				GCC_WARN_UNUSED_FUNCTION = YES;
				GCC_WARN_UNUSED_VARIABLE = YES;
				IPHONEOS_DEPLOYMENT_TARGET = 13.5;
				MTL_ENABLE_DEBUG_INFO = INCLUDE_SOURCE;
				MTL_FAST_MATH = YES;
				ONLY_ACTIVE_ARCH = YES;
				SDKROOT = iphoneos;
				SWIFT_ACTIVE_COMPILATION_CONDITIONS = DEBUG;
				SWIFT_OPTIMIZATION_LEVEL = "-Onone";
			};
			name = Debug;
		};
		9F04ADF4248EC1450079785F /* Release */ = {
			isa = XCBuildConfiguration;
			buildSettings = {
				ALWAYS_SEARCH_USER_PATHS = NO;
				CLANG_ANALYZER_NONNULL = YES;
				CLANG_ANALYZER_NUMBER_OBJECT_CONVERSION = YES_AGGRESSIVE;
				CLANG_CXX_LANGUAGE_STANDARD = "gnu++14";
				CLANG_CXX_LIBRARY = "libc++";
				CLANG_ENABLE_MODULES = YES;
				CLANG_ENABLE_OBJC_ARC = YES;
				CLANG_ENABLE_OBJC_WEAK = YES;
				CLANG_WARN_BLOCK_CAPTURE_AUTORELEASING = YES;
				CLANG_WARN_BOOL_CONVERSION = YES;
				CLANG_WARN_COMMA = YES;
				CLANG_WARN_CONSTANT_CONVERSION = YES;
				CLANG_WARN_DEPRECATED_OBJC_IMPLEMENTATIONS = YES;
				CLANG_WARN_DIRECT_OBJC_ISA_USAGE = YES_ERROR;
				CLANG_WARN_DOCUMENTATION_COMMENTS = YES;
				CLANG_WARN_EMPTY_BODY = YES;
				CLANG_WARN_ENUM_CONVERSION = YES;
				CLANG_WARN_INFINITE_RECURSION = YES;
				CLANG_WARN_INT_CONVERSION = YES;
				CLANG_WARN_NON_LITERAL_NULL_CONVERSION = YES;
				CLANG_WARN_OBJC_IMPLICIT_RETAIN_SELF = YES;
				CLANG_WARN_OBJC_LITERAL_CONVERSION = YES;
				CLANG_WARN_OBJC_ROOT_CLASS = YES_ERROR;
				CLANG_WARN_RANGE_LOOP_ANALYSIS = YES;
				CLANG_WARN_STRICT_PROTOTYPES = YES;
				CLANG_WARN_SUSPICIOUS_MOVE = YES;
				CLANG_WARN_UNGUARDED_AVAILABILITY = YES_AGGRESSIVE;
				CLANG_WARN_UNREACHABLE_CODE = YES;
				CLANG_WARN__DUPLICATE_METHOD_MATCH = YES;
				COPY_PHASE_STRIP = NO;
				DEBUG_INFORMATION_FORMAT = "dwarf-with-dsym";
				ENABLE_NS_ASSERTIONS = NO;
				ENABLE_STRICT_OBJC_MSGSEND = YES;
				GCC_C_LANGUAGE_STANDARD = gnu11;
				GCC_NO_COMMON_BLOCKS = YES;
				GCC_WARN_64_TO_32_BIT_CONVERSION = YES;
				GCC_WARN_ABOUT_RETURN_TYPE = YES_ERROR;
				GCC_WARN_UNDECLARED_SELECTOR = YES;
				GCC_WARN_UNINITIALIZED_AUTOS = YES_AGGRESSIVE;
				GCC_WARN_UNUSED_FUNCTION = YES;
				GCC_WARN_UNUSED_VARIABLE = YES;
				IPHONEOS_DEPLOYMENT_TARGET = 13.5;
				MTL_ENABLE_DEBUG_INFO = NO;
				MTL_FAST_MATH = YES;
				SDKROOT = iphoneos;
				SWIFT_COMPILATION_MODE = wholemodule;
				SWIFT_OPTIMIZATION_LEVEL = "-O";
				VALIDATE_PRODUCT = YES;
			};
			name = Release;
		};
		9F04ADF6248EC1450079785F /* Debug */ = {
			isa = XCBuildConfiguration;
			buildSettings = {
				ASSETCATALOG_COMPILER_APPICON_NAME = AppIcon;
				CODE_SIGN_STYLE = Automatic;
				DEVELOPMENT_TEAM = J3E6A4HYS7;
				INFOPLIST_FILE = "CW-6/Info.plist";
				LD_RUNPATH_SEARCH_PATHS = (
					"$(inherited)",
					"@executable_path/Frameworks",
				);
				PRODUCT_BUNDLE_IDENTIFIER = "com.hisdesigns.CW-6";
				PRODUCT_NAME = "$(TARGET_NAME)";
				SWIFT_VERSION = 5.0;
				TARGETED_DEVICE_FAMILY = "1,2";
			};
			name = Debug;
		};
		9F04ADF7248EC1450079785F /* Release */ = {
			isa = XCBuildConfiguration;
			buildSettings = {
				ASSETCATALOG_COMPILER_APPICON_NAME = AppIcon;
				CODE_SIGN_STYLE = Automatic;
				DEVELOPMENT_TEAM = J3E6A4HYS7;
				INFOPLIST_FILE = "CW-6/Info.plist";
				LD_RUNPATH_SEARCH_PATHS = (
					"$(inherited)",
					"@executable_path/Frameworks",
				);
				PRODUCT_BUNDLE_IDENTIFIER = "com.hisdesigns.CW-6";
				PRODUCT_NAME = "$(TARGET_NAME)";
				SWIFT_VERSION = 5.0;
				TARGETED_DEVICE_FAMILY = "1,2";
			};
			name = Release;
		};
/* End XCBuildConfiguration section */

/* Begin XCConfigurationList section */
		9F04ADDC248EC1420079785F /* Build configuration list for PBXProject "CW-6" */ = {
			isa = XCConfigurationList;
			buildConfigurations = (
				9F04ADF3248EC1450079785F /* Debug */,
				9F04ADF4248EC1450079785F /* Release */,
			);
			defaultConfigurationIsVisible = 0;
			defaultConfigurationName = Release;
		};
		9F04ADF5248EC1450079785F /* Build configuration list for PBXNativeTarget "CW-6" */ = {
			isa = XCConfigurationList;
			buildConfigurations = (
				9F04ADF6248EC1450079785F /* Debug */,
				9F04ADF7248EC1450079785F /* Release */,
			);
			defaultConfigurationIsVisible = 0;
			defaultConfigurationName = Release;
		};
/* End XCConfigurationList section */
	};
	rootObject = 9F04ADD9248EC1420079785F /* Project object */;
}
